
Microsoft Visual Studio Solution File, Format Version 12.00
# Visual Studio Version 17
VisualStudioVersion = 17.0.32112.339
MinimumVisualStudioVersion = 10.0.40219.1
Project("{FAE04EC0-301F-11D3-BF4B-00C04F79EFBC}") = "NLayer.Core", "NLayer.Core\NLayer.Core.csproj", "{962EA0EC-B896-4F81-BF26-7D7602C0B96B}"
EndProject
Project("{FAE04EC0-301F-11D3-BF4B-00C04F79EFBC}") = "NLayer.Repository", "NLayer.Repository\NLayer.Repository.csproj", "{856C5269-A663-4021-9E11-7C61D7F20856}"
EndProject
Project("{FAE04EC0-301F-11D3-BF4B-00C04F79EFBC}") = "NLayer.Service", "NLayer.Service\NLayer.Service.csproj", "{C9FCA130-8CDC-45A1-A27D-263170C5FC5B}"
EndProject
Project("{FAE04EC0-301F-11D3-BF4B-00C04F79EFBC}") = "Nlayer.Api", "Nlayer.Api\Nlayer.Api.csproj", "{3B5B729C-0EEF-40D2-BE85-E2FED44E0B24}"
EndProject
Project("{FAE04EC0-301F-11D3-BF4B-00C04F79EFBC}") = "Nlayer.Caching", "Nlayer.Caching\Nlayer.Caching.csproj", "{E27999C2-E18B-4E07-9D8D-7C17257A98FE}"
EndProject
Global
	GlobalSection(SolutionConfigurationPlatforms) = preSolution
		Debug|Any CPU = Debug|Any CPU
		Release|Any CPU = Release|Any CPU
	EndGlobalSection
	GlobalSection(ProjectConfigurationPlatforms) = postSolution
		{962EA0EC-B896-4F81-BF26-7D7602C0B96B}.Debug|Any CPU.ActiveCfg = Debug|Any CPU
		{962EA0EC-B896-4F81-BF26-7D7602C0B96B}.Debug|Any CPU.Build.0 = Debug|Any CPU
		{962EA0EC-B896-4F81-BF26-7D7602C0B96B}.Release|Any CPU.ActiveCfg = Release|Any CPU
		{962EA0EC-B896-4F81-BF26-7D7602C0B96B}.Release|Any CPU.Build.0 = Release|Any CPU
		{856C5269-A663-4021-9E11-7C61D7F20856}.Debug|Any CPU.ActiveCfg = Debug|Any CPU
		{856C5269-A663-4021-9E11-7C61D7F20856}.Debug|Any CPU.Build.0 = Debug|Any CPU
		{856C5269-A663-4021-9E11-7C61D7F20856}.Release|Any CPU.ActiveCfg = Release|Any CPU
		{856C5269-A663-4021-9E11-7C61D7F20856}.Release|Any CPU.Build.0 = Release|Any CPU
		{C9FCA130-8CDC-45A1-A27D-263170C5FC5B}.Debug|Any CPU.ActiveCfg = Debug|Any CPU
		{C9FCA130-8CDC-45A1-A27D-263170C5FC5B}.Debug|Any CPU.Build.0 = Debug|Any CPU
		{C9FCA130-8CDC-45A1-A27D-263170C5FC5B}.Release|Any CPU.ActiveCfg = Release|Any CPU
		{C9FCA130-8CDC-45A1-A27D-263170C5FC5B}.Release|Any CPU.Build.0 = Release|Any CPU
		{3B5B729C-0EEF-40D2-BE85-E2FED44E0B24}.Debug|Any CPU.ActiveCfg = Debug|Any CPU
		{3B5B729C-0EEF-40D2-BE85-E2FED44E0B24}.Debug|Any CPU.Build.0 = Debug|Any CPU
		{3B5B729C-0EEF-40D2-BE85-E2FED44E0B24}.Release|Any CPU.ActiveCfg = Release|Any CPU
		{3B5B729C-0EEF-40D2-BE85-E2FED44E0B24}.Release|Any CPU.Build.0 = Release|Any CPU
		{E27999C2-E18B-4E07-9D8D-7C17257A98FE}.Debug|Any CPU.ActiveCfg = Debug|Any CPU
		{E27999C2-E18B-4E07-9D8D-7C17257A98FE}.Debug|Any CPU.Build.0 = Debug|Any CPU
		{E27999C2-E18B-4E07-9D8D-7C17257A98FE}.Release|Any CPU.ActiveCfg = Release|Any CPU
		{E27999C2-E18B-4E07-9D8D-7C17257A98FE}.Release|Any CPU.Build.0 = Release|Any CPU
	EndGlobalSection
	GlobalSection(SolutionProperties) = preSolution
		HideSolutionNode = FALSE
	EndGlobalSection
	GlobalSection(ExtensibilityGlobals) = postSolution
		SolutionGuid = {EE1E8D81-2413-449E-AEF7-D0673253630D}
	EndGlobalSection
EndGlobal
